<?xml version="1.0" encoding="utf-8"?>
<Project ToolsVersion="4.0" xmlns="http://schemas.microsoft.com/developer/msbuild/2003">
  <ItemGroup>
    <Filter Include="obfuscator">
      <UniqueIdentifier>{4c4818d9-983c-49f8-84f1-f1645a9efb01}</UniqueIdentifier>
    </Filter>
  </ItemGroup>
  <ItemGroup>
    <ClCompile Include="src\obfuscator.cpp">
      <Filter>obfuscator</Filter>
    </ClCompile>
    <ClCompile Include="main.cpp" />
  </ItemGroup>
  <ItemGroup>
    <ClInclude Include="src\obfuscator.h">
      <Filter>obfuscator</Filter>
    </ClInclude>
  </ItemGroup>
  <ItemGroup>
    <Library Include="src\cryptlib.lib" />
  </ItemGroup>
</Project>